
Microsoft Visual Studio Solution File, Format Version 12.00
# Visual Studio Version 16
VisualStudioVersion = 16.0.29025.244
MinimumVisualStudioVersion = 10.0.40219.1
Project("{9A19103F-16F7-4668-BE54-9A1E7A4F7556}") = "LogWebApi.MongoDB", "LogWebApi.MongoDB\LogWebApi.MongoDB.csproj", "{37B24872-D440-4B2C-9727-CCDB7E03A449}"
EndProject
Project("{FAE04EC0-301F-11D3-BF4B-00C04F79EFBC}") = "LogApiHandler", "LogApiHandler\LogApiHandler.csproj", "{6FA34383-C96C-4DD2-8EE4-85E88CE4B0FF}"
EndProject
Global
	GlobalSection(SolutionConfigurationPlatforms) = preSolution
		Debug|Any CPU = Debug|Any CPU
		Release|Any CPU = Release|Any CPU
	EndGlobalSection
	GlobalSection(ProjectConfigurationPlatforms) = postSolution
		{37B24872-D440-4B2C-9727-CCDB7E03A449}.Debug|Any CPU.ActiveCfg = Debug|Any CPU
		{37B24872-D440-4B2C-9727-CCDB7E03A449}.Debug|Any CPU.Build.0 = Debug|Any CPU
		{37B24872-D440-4B2C-9727-CCDB7E03A449}.Release|Any CPU.ActiveCfg = Release|Any CPU
		{37B24872-D440-4B2C-9727-CCDB7E03A449}.Release|Any CPU.Build.0 = Release|Any CPU
		{6FA34383-C96C-4DD2-8EE4-85E88CE4B0FF}.Debug|Any CPU.ActiveCfg = Debug|Any CPU
		{6FA34383-C96C-4DD2-8EE4-85E88CE4B0FF}.Debug|Any CPU.Build.0 = Debug|Any CPU
		{6FA34383-C96C-4DD2-8EE4-85E88CE4B0FF}.Release|Any CPU.ActiveCfg = Release|Any CPU
		{6FA34383-C96C-4DD2-8EE4-85E88CE4B0FF}.Release|Any CPU.Build.0 = Release|Any CPU
	EndGlobalSection
	GlobalSection(SolutionProperties) = preSolution
		HideSolutionNode = FALSE
	EndGlobalSection
	GlobalSection(ExtensibilityGlobals) = postSolution
		SolutionGuid = {98F7ECC1-AF66-47FC-B977-A11B918FFAB8}
	EndGlobalSection
EndGlobal
